
Microsoft Visual Studio Solution File, Format Version 12.00
# Visual Studio Version 17
VisualStudioVersion = 17.7.34031.279
MinimumVisualStudioVersion = 10.0.40219.1
Project("{FAE04EC0-301F-11D3-BF4B-00C04F79EFBC}") = "zadacha_2_Shamilova_Hayala", "zadacha_2_Shamilova_Hayala\zadacha_2_Shamilova_Hayala.csproj", "{428F188B-E0FF-4BF1-82CF-BD7F6EFEC37C}"
EndProject
Global
	GlobalSection(SolutionConfigurationPlatforms) = preSolution
		Debug|Any CPU = Debug|Any CPU
		Release|Any CPU = Release|Any CPU
	EndGlobalSection
	GlobalSection(ProjectConfigurationPlatforms) = postSolution
		{428F188B-E0FF-4BF1-82CF-BD7F6EFEC37C}.Debug|Any CPU.ActiveCfg = Debug|Any CPU
		{428F188B-E0FF-4BF1-82CF-BD7F6EFEC37C}.Debug|Any CPU.Build.0 = Debug|Any CPU
		{428F188B-E0FF-4BF1-82CF-BD7F6EFEC37C}.Release|Any CPU.ActiveCfg = Release|Any CPU
		{428F188B-E0FF-4BF1-82CF-BD7F6EFEC37C}.Release|Any CPU.Build.0 = Release|Any CPU
	EndGlobalSection
	GlobalSection(SolutionProperties) = preSolution
		HideSolutionNode = FALSE
	EndGlobalSection
	GlobalSection(ExtensibilityGlobals) = postSolution
		SolutionGuid = {A1C4FC94-1830-4051-BEC0-CCB629E0ECEB}
	EndGlobalSection
EndGlobal
